<?xml version="1.0" encoding="utf-8"?>
<Project ToolsVersion="4.0" xmlns="http://schemas.microsoft.com/developer/msbuild/2003">
  <ItemGroup>
    <Filter Include="Source Files">
      <UniqueIdentifier>{4FC737F1-C7A5-4376-A066-2A32D752A2FF}</UniqueIdentifier>
      <Extensions>cpp;c;cc;cxx;def;odl;idl;hpj;bat;asm;asmx</Extensions>
    </Filter>
    <Filter Include="Header Files">
      <UniqueIdentifier>{93995380-89BD-4b04-88EB-625FBE52EBFB}</UniqueIdentifier>
      <Extensions>h;hh;hpp;hxx;hm;inl;inc;xsd</Extensions>
    </Filter>
    <Filter Include="Resource Files">
      <UniqueIdentifier>{67DA6AB6-F800-4c08-8B7A-83BB121AAD01}</UniqueIdentifier>
      <Extensions>rc;ico;cur;bmp;dlg;rc2;rct;bin;rgs;gif;jpg;jpeg;jpe;resx;tiff;tif;png;wav;mfcribbon-ms</Extensions>
    </Filter>
    <Filter Include="Interfaces">
      <UniqueIdentifier>{da99691b-ef87-4182-8a11-c71521fbfbd5}</UniqueIdentifier>
    </Filter>
  </ItemGroup>
  <ItemGroup>
    <ClInclude Include="main.h">
      <Filter>Header Files</Filter>
    </ClInclude>
    <ClInclude Include="systemclass.h">
      <Filter>Header Files</Filter>
    </ClInclude>
    <ClInclude Include="modelclass.h">
      <Filter>Header Files</Filter>
    </ClInclude>
    <ClInclude Include="inputclass.h">
      <Filter>Header Files</Filter>
    </ClInclude>
    <ClInclude Include="graphicsclass.h">
      <Filter>Header Files</Filter>
    </ClInclude>
    <ClInclude Include="d3dclass.h">
      <Filter>Header Files</Filter>
    </ClInclude>
    <ClInclude Include="cameraclass.h">
      <Filter>Header Files</Filter>
    </ClInclude>
    <ClInclude Include="colorshaderclass.h">
      <Filter>Header Files</Filter>
    </ClInclude>
    <ClInclude Include="player.h">
      <Filter>Header Files</Filter>
    </ClInclude>
    <ClInclude Include="gamemanager.h">
      <Filter>Header Files</Filter>
    </ClInclude>
    <ClInclude Include="animationimporter.h">
      <Filter>Header Files</Filter>
    </ClInclude>
    <ClInclude Include="textureshaderclass.h">
      <Filter>Header Files</Filter>
    </ClInclude>
    <ClInclude Include="playeranimationstates.h">
      <Filter>Header Files</Filter>
    </ClInclude>
    <ClInclude Include="enemybase.h">
      <Filter>Header Files</Filter>
    </ClInclude>
    <ClInclude Include="enemywanderer.h">
      <Filter>Header Files</Filter>
    </ClInclude>
    <ClInclude Include="textureshadergeneralclass.h">
      <Filter>Header Files</Filter>
    </ClInclude>
    <ClInclude Include="enemyflying.h">
      <Filter>Header Files</Filter>
    </ClInclude>
    <ClInclude Include="flyingenemybomb.h">
      <Filter>Header Files</Filter>
    </ClInclude>
    <ClInclude Include="enemyarcher.h">
      <Filter>Header Files</Filter>
    </ClInclude>
    <ClInclude Include="enemyarcherarrow.h">
      <Filter>Header Files</Filter>
    </ClInclude>
    <ClInclude Include="IEanimationobject.h">
      <Filter>Interfaces</Filter>
    </ClInclude>
    <ClInclude Include="movingobjectprototype.h">
      <Filter>Header Files</Filter>
    </ClInclude>
    <ClInclude Include="dronecontroller.h">
      <Filter>Header Files</Filter>
    </ClInclude>
    <ClInclude Include="mouseclass.h">
      <Filter>Header Files</Filter>
    </ClInclude>
    <ClInclude Include="dronespearclass.h">
      <Filter>Header Files</Filter>
    </ClInclude>
    <ClInclude Include="uicontroller.h">
      <Filter>Header Files</Filter>
    </ClInclude>
    <ClInclude Include="tiledinterpreter.h">
      <Filter>Header Files</Filter>
    </ClInclude>
    <ClInclude Include="darksphere.h">
      <Filter>Header Files</Filter>
    </ClInclude>
    <ClInclude Include="levelfinish.h">
      <Filter>Header Files</Filter>
    </ClInclude>
  </ItemGroup>
  <ItemGroup>
    <ClCompile Include="systemclass.cpp">
      <Filter>Source Files</Filter>
    </ClCompile>
    <ClCompile Include="modelclass.cpp">
      <Filter>Source Files</Filter>
    </ClCompile>
    <ClCompile Include="main.cpp">
      <Filter>Source Files</Filter>
    </ClCompile>
    <ClCompile Include="inputclass.cpp">
      <Filter>Source Files</Filter>
    </ClCompile>
    <ClCompile Include="graphicsclass.cpp">
      <Filter>Source Files</Filter>
    </ClCompile>
    <ClCompile Include="d3dclass.cpp">
      <Filter>Source Files</Filter>
    </ClCompile>
    <ClCompile Include="cameraclass.cpp">
      <Filter>Source Files</Filter>
    </ClCompile>
    <ClCompile Include="player.cpp">
      <Filter>Source Files</Filter>
    </ClCompile>
    <ClCompile Include="gamemanager.cpp">
      <Filter>Source Files</Filter>
    </ClCompile>
    <ClCompile Include="animationimporter.cpp">
      <Filter>Source Files</Filter>
    </ClCompile>
    <ClCompile Include="textureshaderclass.cpp">
      <Filter>Source Files</Filter>
    </ClCompile>
    <ClCompile Include="playeranimationstates.cpp">
      <Filter>Source Files</Filter>
    </ClCompile>
    <ClCompile Include="enemybase.cpp">
      <Filter>Source Files</Filter>
    </ClCompile>
    <ClCompile Include="enemywanderer.cpp">
      <Filter>Source Files</Filter>
    </ClCompile>
    <ClCompile Include="textureshadergeneralclass.cpp">
      <Filter>Source Files</Filter>
    </ClCompile>
    <ClCompile Include="colorshaderclass.cpp">
      <Filter>Source Files</Filter>
    </ClCompile>
    <ClCompile Include="enemyflying.cpp">
      <Filter>Source Files</Filter>
    </ClCompile>
    <ClCompile Include="flyingenemybomb.cpp">
      <Filter>Source Files</Filter>
    </ClCompile>
    <ClCompile Include="enemyarcher.cpp">
      <Filter>Source Files</Filter>
    </ClCompile>
    <ClCompile Include="enemyarcherarrow.cpp">
      <Filter>Source Files</Filter>
    </ClCompile>
    <ClCompile Include="movingobjectprototype.cpp">
      <Filter>Source Files</Filter>
    </ClCompile>
    <ClCompile Include="dronecontroller.cpp">
      <Filter>Source Files</Filter>
    </ClCompile>
    <ClCompile Include="mouseclass.cpp">
      <Filter>Source Files</Filter>
    </ClCompile>
    <ClCompile Include="dronespearclass.cpp">
      <Filter>Source Files</Filter>
    </ClCompile>
    <ClCompile Include="uicontroller.cpp">
      <Filter>Source Files</Filter>
    </ClCompile>
    <ClCompile Include="tiledinterpreter.cpp">
      <Filter>Source Files</Filter>
    </ClCompile>
    <ClCompile Include="darksphere.cpp">
      <Filter>Source Files</Filter>
    </ClCompile>
    <ClCompile Include="levelfinish.cpp">
      <Filter>Source Files</Filter>
    </ClCompile>
  </ItemGroup>
  <ItemGroup>
    <None Include="color.ps">
      <Filter>Resource Files</Filter>
    </None>
    <None Include="color.vs">
      <Filter>Resource Files</Filter>
    </None>
    <None Include="texture.ps">
      <Filter>Resource Files</Filter>
    </None>
    <None Include="texture.vs">
      <Filter>Resource Files</Filter>
    </None>
    <None Include="texturegeneral.ps">
      <Filter>Resource Files</Filter>
    </None>
    <None Include="texturegeneral.vs">
      <Filter>Resource Files</Filter>
    </None>
    <None Include="darksphere.ps">
      <Filter>Resource Files</Filter>
    </None>
    <None Include="darksphere.vs">
      <Filter>Resource Files</Filter>
    </None>
    <None Include="endsphere.ps">
      <Filter>Resource Files</Filter>
    </None>
    <None Include="endsphere.vs">
      <Filter>Resource Files</Filter>
    </None>
    <None Include="droneexplosion.vs">
      <Filter>Resource Files</Filter>
    </None>
    <None Include="droneexplosion.ps">
      <Filter>Resource Files</Filter>
    </None>
  </ItemGroup>
</Project>